
Microsoft Visual Studio Solution File, Format Version 12.00
# Visual Studio Version 17
VisualStudioVersion = 17.7.34018.315
MinimumVisualStudioVersion = 10.0.40219.1
Project("{9A19103F-16F7-4668-BE54-9A1E7A4F7556}") = "UserInterface", "UserInterface\UserInterface.csproj", "{D7390705-293B-4D50-9C2F-14B5064D3698}"
EndProject
Project("{9A19103F-16F7-4668-BE54-9A1E7A4F7556}") = "Infrastructure", "Infrastructure\Infrastructure.csproj", "{30D66DB6-C72E-4232-B4A9-52A1102FB0D9}"
EndProject
Project("{9A19103F-16F7-4668-BE54-9A1E7A4F7556}") = "DomainModel", "DomainModel\DomainModel.csproj", "{07D644A8-0C68-4186-A33F-D6362C852866}"
EndProject
Project("{9A19103F-16F7-4668-BE54-9A1E7A4F7556}") = "DomainServices", "DomainServices\DomainServices.csproj", "{B33C9893-F1A5-48EA-A830-73321A79E6B6}"
EndProject
Project("{9A19103F-16F7-4668-BE54-9A1E7A4F7556}") = "Infrastructure.test", "Infrastructure.test\Infrastructure.test.csproj", "{D7C23E4A-041C-48E7-A67C-4B7009E755AF}"
EndProject
Project("{9A19103F-16F7-4668-BE54-9A1E7A4F7556}") = "UserInterface.test", "UserInterface.test\UserInterface.test.csproj", "{0E3F29E6-CBDB-402C-A420-D95522BA30A5}"
EndProject
Project("{9A19103F-16F7-4668-BE54-9A1E7A4F7556}") = "api", "api\api.csproj", "{FAA9D00B-75C1-4801-87F6-6C1A2E5C77F7}"
EndProject
Project("{9A19103F-16F7-4668-BE54-9A1E7A4F7556}") = "ApplicationServices", "ApplicationServices\ApplicationServices.csproj", "{B391D3A6-C3BE-4EC3-8728-95AAA8AD10BF}"
EndProject
Project("{9A19103F-16F7-4668-BE54-9A1E7A4F7556}") = "DomainModel.test", "DomainModelTests\DomainModel.test.csproj", "{C0FD6783-3C09-4C5C-8006-B78925B04E42}"
EndProject
Global
	GlobalSection(SolutionConfigurationPlatforms) = preSolution
		Debug|Any CPU = Debug|Any CPU
		Release|Any CPU = Release|Any CPU
	EndGlobalSection
	GlobalSection(ProjectConfigurationPlatforms) = postSolution
		{D7390705-293B-4D50-9C2F-14B5064D3698}.Debug|Any CPU.ActiveCfg = Debug|Any CPU
		{D7390705-293B-4D50-9C2F-14B5064D3698}.Debug|Any CPU.Build.0 = Debug|Any CPU
		{D7390705-293B-4D50-9C2F-14B5064D3698}.Release|Any CPU.ActiveCfg = Release|Any CPU
		{D7390705-293B-4D50-9C2F-14B5064D3698}.Release|Any CPU.Build.0 = Release|Any CPU
		{30D66DB6-C72E-4232-B4A9-52A1102FB0D9}.Debug|Any CPU.ActiveCfg = Debug|Any CPU
		{30D66DB6-C72E-4232-B4A9-52A1102FB0D9}.Debug|Any CPU.Build.0 = Debug|Any CPU
		{30D66DB6-C72E-4232-B4A9-52A1102FB0D9}.Release|Any CPU.ActiveCfg = Release|Any CPU
		{30D66DB6-C72E-4232-B4A9-52A1102FB0D9}.Release|Any CPU.Build.0 = Release|Any CPU
		{07D644A8-0C68-4186-A33F-D6362C852866}.Debug|Any CPU.ActiveCfg = Debug|Any CPU
		{07D644A8-0C68-4186-A33F-D6362C852866}.Debug|Any CPU.Build.0 = Debug|Any CPU
		{07D644A8-0C68-4186-A33F-D6362C852866}.Release|Any CPU.ActiveCfg = Release|Any CPU
		{07D644A8-0C68-4186-A33F-D6362C852866}.Release|Any CPU.Build.0 = Release|Any CPU
		{B33C9893-F1A5-48EA-A830-73321A79E6B6}.Debug|Any CPU.ActiveCfg = Debug|Any CPU
		{B33C9893-F1A5-48EA-A830-73321A79E6B6}.Debug|Any CPU.Build.0 = Debug|Any CPU
		{B33C9893-F1A5-48EA-A830-73321A79E6B6}.Release|Any CPU.ActiveCfg = Release|Any CPU
		{B33C9893-F1A5-48EA-A830-73321A79E6B6}.Release|Any CPU.Build.0 = Release|Any CPU
		{D7C23E4A-041C-48E7-A67C-4B7009E755AF}.Debug|Any CPU.ActiveCfg = Debug|Any CPU
		{D7C23E4A-041C-48E7-A67C-4B7009E755AF}.Debug|Any CPU.Build.0 = Debug|Any CPU
		{D7C23E4A-041C-48E7-A67C-4B7009E755AF}.Release|Any CPU.ActiveCfg = Release|Any CPU
		{D7C23E4A-041C-48E7-A67C-4B7009E755AF}.Release|Any CPU.Build.0 = Release|Any CPU
		{0E3F29E6-CBDB-402C-A420-D95522BA30A5}.Debug|Any CPU.ActiveCfg = Debug|Any CPU
		{0E3F29E6-CBDB-402C-A420-D95522BA30A5}.Debug|Any CPU.Build.0 = Debug|Any CPU
		{0E3F29E6-CBDB-402C-A420-D95522BA30A5}.Release|Any CPU.ActiveCfg = Release|Any CPU
		{0E3F29E6-CBDB-402C-A420-D95522BA30A5}.Release|Any CPU.Build.0 = Release|Any CPU
		{FAA9D00B-75C1-4801-87F6-6C1A2E5C77F7}.Debug|Any CPU.ActiveCfg = Debug|Any CPU
		{FAA9D00B-75C1-4801-87F6-6C1A2E5C77F7}.Debug|Any CPU.Build.0 = Debug|Any CPU
		{FAA9D00B-75C1-4801-87F6-6C1A2E5C77F7}.Release|Any CPU.ActiveCfg = Release|Any CPU
		{FAA9D00B-75C1-4801-87F6-6C1A2E5C77F7}.Release|Any CPU.Build.0 = Release|Any CPU
		{B391D3A6-C3BE-4EC3-8728-95AAA8AD10BF}.Debug|Any CPU.ActiveCfg = Debug|Any CPU
		{B391D3A6-C3BE-4EC3-8728-95AAA8AD10BF}.Debug|Any CPU.Build.0 = Debug|Any CPU
		{B391D3A6-C3BE-4EC3-8728-95AAA8AD10BF}.Release|Any CPU.ActiveCfg = Release|Any CPU
		{B391D3A6-C3BE-4EC3-8728-95AAA8AD10BF}.Release|Any CPU.Build.0 = Release|Any CPU
		{C0FD6783-3C09-4C5C-8006-B78925B04E42}.Debug|Any CPU.ActiveCfg = Debug|Any CPU
		{C0FD6783-3C09-4C5C-8006-B78925B04E42}.Debug|Any CPU.Build.0 = Debug|Any CPU
		{C0FD6783-3C09-4C5C-8006-B78925B04E42}.Release|Any CPU.ActiveCfg = Release|Any CPU
		{C0FD6783-3C09-4C5C-8006-B78925B04E42}.Release|Any CPU.Build.0 = Release|Any CPU
	EndGlobalSection
	GlobalSection(SolutionProperties) = preSolution
		HideSolutionNode = FALSE
	EndGlobalSection
	GlobalSection(ExtensibilityGlobals) = postSolution
		SolutionGuid = {5067F190-9306-4BB4-BDD6-190271796469}
	EndGlobalSection
EndGlobal
